
Microsoft Visual Studio Solution File, Format Version 12.00
# Visual Studio Version 17
VisualStudioVersion = 17.1.32210.238
MinimumVisualStudioVersion = 10.0.40219.1
Project("{FAE04EC0-301F-11D3-BF4B-00C04F79EFBC}") = "EatIt.Android", "EatIt\EatIt.Android\EatIt.Android.csproj", "{DD303DE9-B99F-47B6-9002-A666403BEB40}"
EndProject
Project("{FAE04EC0-301F-11D3-BF4B-00C04F79EFBC}") = "EatIt.iOS", "EatIt\EatIt.iOS\EatIt.iOS.csproj", "{305F010C-D54F-47FF-8213-C3E1C0E4CA35}"
EndProject
Project("{9A19103F-16F7-4668-BE54-9A1E7A4F7556}") = "EatIt", "EatIt\EatIt\EatIt.csproj", "{2EAF9015-14EF-4C5D-A3F5-F905A01EDD70}"
EndProject
Global
	GlobalSection(SolutionConfigurationPlatforms) = preSolution
		Debug|Any CPU = Debug|Any CPU
		Debug|iPhone = Debug|iPhone
		Debug|iPhoneSimulator = Debug|iPhoneSimulator
		Release|Any CPU = Release|Any CPU
		Release|iPhone = Release|iPhone
		Release|iPhoneSimulator = Release|iPhoneSimulator
	EndGlobalSection
	GlobalSection(ProjectConfigurationPlatforms) = postSolution
		{DD303DE9-B99F-47B6-9002-A666403BEB40}.Debug|Any CPU.ActiveCfg = Debug|Any CPU
		{DD303DE9-B99F-47B6-9002-A666403BEB40}.Debug|Any CPU.Build.0 = Debug|Any CPU
		{DD303DE9-B99F-47B6-9002-A666403BEB40}.Debug|Any CPU.Deploy.0 = Debug|Any CPU
		{DD303DE9-B99F-47B6-9002-A666403BEB40}.Debug|iPhone.ActiveCfg = Debug|Any CPU
		{DD303DE9-B99F-47B6-9002-A666403BEB40}.Debug|iPhone.Build.0 = Debug|Any CPU
		{DD303DE9-B99F-47B6-9002-A666403BEB40}.Debug|iPhone.Deploy.0 = Debug|Any CPU
		{DD303DE9-B99F-47B6-9002-A666403BEB40}.Debug|iPhoneSimulator.ActiveCfg = Debug|Any CPU
		{DD303DE9-B99F-47B6-9002-A666403BEB40}.Debug|iPhoneSimulator.Build.0 = Debug|Any CPU
		{DD303DE9-B99F-47B6-9002-A666403BEB40}.Release|Any CPU.ActiveCfg = Release|Any CPU
		{DD303DE9-B99F-47B6-9002-A666403BEB40}.Release|Any CPU.Build.0 = Release|Any CPU
		{DD303DE9-B99F-47B6-9002-A666403BEB40}.Release|Any CPU.Deploy.0 = Release|Any CPU
		{DD303DE9-B99F-47B6-9002-A666403BEB40}.Release|iPhone.ActiveCfg = Release|Any CPU
		{DD303DE9-B99F-47B6-9002-A666403BEB40}.Release|iPhone.Build.0 = Release|Any CPU
		{DD303DE9-B99F-47B6-9002-A666403BEB40}.Release|iPhone.Deploy.0 = Release|Any CPU
		{DD303DE9-B99F-47B6-9002-A666403BEB40}.Release|iPhoneSimulator.ActiveCfg = Release|Any CPU
		{DD303DE9-B99F-47B6-9002-A666403BEB40}.Release|iPhoneSimulator.Build.0 = Release|Any CPU
		{DD303DE9-B99F-47B6-9002-A666403BEB40}.Release|iPhoneSimulator.Deploy.0 = Release|Any CPU
		{305F010C-D54F-47FF-8213-C3E1C0E4CA35}.Debug|Any CPU.ActiveCfg = Debug|iPhone
		{305F010C-D54F-47FF-8213-C3E1C0E4CA35}.Debug|Any CPU.Build.0 = Debug|iPhone
		{305F010C-D54F-47FF-8213-C3E1C0E4CA35}.Debug|Any CPU.Deploy.0 = Debug|iPhone
		{305F010C-D54F-47FF-8213-C3E1C0E4CA35}.Debug|iPhone.ActiveCfg = Debug|iPhone
		{305F010C-D54F-47FF-8213-C3E1C0E4CA35}.Debug|iPhone.Build.0 = Debug|iPhone
		{305F010C-D54F-47FF-8213-C3E1C0E4CA35}.Debug|iPhone.Deploy.0 = Debug|iPhone
		{305F010C-D54F-47FF-8213-C3E1C0E4CA35}.Debug|iPhoneSimulator.ActiveCfg = Debug|iPhoneSimulator
		{305F010C-D54F-47FF-8213-C3E1C0E4CA35}.Debug|iPhoneSimulator.Build.0 = Debug|iPhoneSimulator
		{305F010C-D54F-47FF-8213-C3E1C0E4CA35}.Debug|iPhoneSimulator.Deploy.0 = Debug|iPhoneSimulator
		{305F010C-D54F-47FF-8213-C3E1C0E4CA35}.Release|Any CPU.ActiveCfg = Release|iPhoneSimulator
		{305F010C-D54F-47FF-8213-C3E1C0E4CA35}.Release|Any CPU.Build.0 = Release|iPhoneSimulator
		{305F010C-D54F-47FF-8213-C3E1C0E4CA35}.Release|Any CPU.Deploy.0 = Release|iPhoneSimulator
		{305F010C-D54F-47FF-8213-C3E1C0E4CA35}.Release|iPhone.ActiveCfg = Release|iPhone
		{305F010C-D54F-47FF-8213-C3E1C0E4CA35}.Release|iPhone.Build.0 = Release|iPhone
		{305F010C-D54F-47FF-8213-C3E1C0E4CA35}.Release|iPhone.Deploy.0 = Release|iPhone
		{305F010C-D54F-47FF-8213-C3E1C0E4CA35}.Release|iPhoneSimulator.ActiveCfg = Release|iPhoneSimulator
		{305F010C-D54F-47FF-8213-C3E1C0E4CA35}.Release|iPhoneSimulator.Build.0 = Release|iPhoneSimulator
		{305F010C-D54F-47FF-8213-C3E1C0E4CA35}.Release|iPhoneSimulator.Deploy.0 = Release|iPhoneSimulator
		{2EAF9015-14EF-4C5D-A3F5-F905A01EDD70}.Debug|Any CPU.ActiveCfg = Debug|Any CPU
		{2EAF9015-14EF-4C5D-A3F5-F905A01EDD70}.Debug|Any CPU.Build.0 = Debug|Any CPU
		{2EAF9015-14EF-4C5D-A3F5-F905A01EDD70}.Debug|Any CPU.Deploy.0 = Debug|Any CPU
		{2EAF9015-14EF-4C5D-A3F5-F905A01EDD70}.Debug|iPhone.ActiveCfg = Debug|Any CPU
		{2EAF9015-14EF-4C5D-A3F5-F905A01EDD70}.Debug|iPhone.Build.0 = Debug|Any CPU
		{2EAF9015-14EF-4C5D-A3F5-F905A01EDD70}.Debug|iPhone.Deploy.0 = Debug|Any CPU
		{2EAF9015-14EF-4C5D-A3F5-F905A01EDD70}.Debug|iPhoneSimulator.ActiveCfg = Debug|Any CPU
		{2EAF9015-14EF-4C5D-A3F5-F905A01EDD70}.Debug|iPhoneSimulator.Build.0 = Debug|Any CPU
		{2EAF9015-14EF-4C5D-A3F5-F905A01EDD70}.Debug|iPhoneSimulator.Deploy.0 = Debug|Any CPU
		{2EAF9015-14EF-4C5D-A3F5-F905A01EDD70}.Release|Any CPU.ActiveCfg = Release|Any CPU
		{2EAF9015-14EF-4C5D-A3F5-F905A01EDD70}.Release|Any CPU.Build.0 = Release|Any CPU
		{2EAF9015-14EF-4C5D-A3F5-F905A01EDD70}.Release|Any CPU.Deploy.0 = Release|Any CPU
		{2EAF9015-14EF-4C5D-A3F5-F905A01EDD70}.Release|iPhone.ActiveCfg = Release|Any CPU
		{2EAF9015-14EF-4C5D-A3F5-F905A01EDD70}.Release|iPhone.Build.0 = Release|Any CPU
		{2EAF9015-14EF-4C5D-A3F5-F905A01EDD70}.Release|iPhone.Deploy.0 = Release|Any CPU
		{2EAF9015-14EF-4C5D-A3F5-F905A01EDD70}.Release|iPhoneSimulator.ActiveCfg = Release|Any CPU
		{2EAF9015-14EF-4C5D-A3F5-F905A01EDD70}.Release|iPhoneSimulator.Build.0 = Release|Any CPU
		{2EAF9015-14EF-4C5D-A3F5-F905A01EDD70}.Release|iPhoneSimulator.Deploy.0 = Release|Any CPU
	EndGlobalSection
	GlobalSection(SolutionProperties) = preSolution
		HideSolutionNode = FALSE
	EndGlobalSection
	GlobalSection(ExtensibilityGlobals) = postSolution
		SolutionGuid = {5F712701-5E9F-412A-A19E-F6579C13523A}
	EndGlobalSection
EndGlobal
